
Microsoft Visual Studio Solution File, Format Version 12.00
# Visual Studio Version 16
VisualStudioVersion = 16.0.33027.164
MinimumVisualStudioVersion = 10.0.40219.1
Project("{9A19103F-16F7-4668-BE54-9A1E7A4F7556}") = "CarRentalManagement.Server", "CarRentalManagement\Server\CarRentalManagement.Server.csproj", "{C892C934-AD90-47B6-A76B-2B5DE4A6AC33}"
EndProject
Project("{9A19103F-16F7-4668-BE54-9A1E7A4F7556}") = "CarRentalManagement.Client", "CarRentalManagement\Client\CarRentalManagement.Client.csproj", "{AEA68F3C-E005-4AD2-ACC0-B308C097A03C}"
EndProject
Project("{9A19103F-16F7-4668-BE54-9A1E7A4F7556}") = "CarRentalManagement.Shared", "CarRentalManagement\Shared\CarRentalManagement.Shared.csproj", "{6E3B524D-0130-4803-9C05-5891CBB484CA}"
EndProject
Global
	GlobalSection(SolutionConfigurationPlatforms) = preSolution
		Debug|Any CPU = Debug|Any CPU
		Release|Any CPU = Release|Any CPU
	EndGlobalSection
	GlobalSection(ProjectConfigurationPlatforms) = postSolution
		{C892C934-AD90-47B6-A76B-2B5DE4A6AC33}.Debug|Any CPU.ActiveCfg = Debug|Any CPU
		{C892C934-AD90-47B6-A76B-2B5DE4A6AC33}.Debug|Any CPU.Build.0 = Debug|Any CPU
		{C892C934-AD90-47B6-A76B-2B5DE4A6AC33}.Release|Any CPU.ActiveCfg = Release|Any CPU
		{C892C934-AD90-47B6-A76B-2B5DE4A6AC33}.Release|Any CPU.Build.0 = Release|Any CPU
		{AEA68F3C-E005-4AD2-ACC0-B308C097A03C}.Debug|Any CPU.ActiveCfg = Debug|Any CPU
		{AEA68F3C-E005-4AD2-ACC0-B308C097A03C}.Debug|Any CPU.Build.0 = Debug|Any CPU
		{AEA68F3C-E005-4AD2-ACC0-B308C097A03C}.Release|Any CPU.ActiveCfg = Release|Any CPU
		{AEA68F3C-E005-4AD2-ACC0-B308C097A03C}.Release|Any CPU.Build.0 = Release|Any CPU
		{6E3B524D-0130-4803-9C05-5891CBB484CA}.Debug|Any CPU.ActiveCfg = Debug|Any CPU
		{6E3B524D-0130-4803-9C05-5891CBB484CA}.Debug|Any CPU.Build.0 = Debug|Any CPU
		{6E3B524D-0130-4803-9C05-5891CBB484CA}.Release|Any CPU.ActiveCfg = Release|Any CPU
		{6E3B524D-0130-4803-9C05-5891CBB484CA}.Release|Any CPU.Build.0 = Release|Any CPU
	EndGlobalSection
	GlobalSection(SolutionProperties) = preSolution
		HideSolutionNode = FALSE
	EndGlobalSection
	GlobalSection(ExtensibilityGlobals) = postSolution
		SolutionGuid = {0F8E3CB7-EFE3-4543-BB6A-9F0265912A86}
	EndGlobalSection
EndGlobal
